
Microsoft Visual Studio Solution File, Format Version 12.00
# Visual Studio Version 17
VisualStudioVersion = 17.1.32319.34
MinimumVisualStudioVersion = 10.0.40219.1
Project("{9A19103F-16F7-4668-BE54-9A1E7A4F7556}") = "Elzik.Mecon.Framework", "src\Elzik.Mecon.Framework\Elzik.Mecon.Framework.csproj", "{72CC5D51-22F7-42EB-B670-A1AED37DF084}"
EndProject
Project("{2150E333-8FDC-42A3-9474-1A3956D46DE8}") = "Tests", "Tests", "{82104F08-D6CF-4E0A-ADAF-14E51CAAEF84}"
EndProject
Project("{9A19103F-16F7-4668-BE54-9A1E7A4F7556}") = "Elzik.Mecon.Framework.Tests.Integration", "tests\Elzik.Mecon.Framework.Tests.Integration\Elzik.Mecon.Framework.Tests.Integration.csproj", "{5B011DB2-9722-42E7-8D3B-9C473B73D1E7}"
EndProject
Project("{9A19103F-16F7-4668-BE54-9A1E7A4F7556}") = "Elzik.Mecon.Console", "src\Elzik.Mecon.Console\Elzik.Mecon.Console.csproj", "{61270506-DDA6-45BA-ADAB-4E682723FBB1}"
EndProject
Project("{9A19103F-16F7-4668-BE54-9A1E7A4F7556}") = "Elzik.Mecon.Framework.Tests.Unit", "tests\Elzik.Mecon.Framework.Tests.Unit\Elzik.Mecon.Framework.Tests.Unit.csproj", "{6D64CDE0-59B0-4C43-A67B-F88606A3189D}"
EndProject
Project("{2150E333-8FDC-42A3-9474-1A3956D46DE8}") = "Solution Items", "Solution Items", "{5F990B2B-6ED8-4470-AABE-ADB7A3D0F5AA}"
	ProjectSection(SolutionItems) = preProject
		README.md = README.md
	EndProjectSection
EndProject
Project("{2150E333-8FDC-42A3-9474-1A3956D46DE8}") = "GitHub Workflows", "GitHub Workflows", "{1FC70BA5-25D4-47C6-B91C-365D14C175BB}"
	ProjectSection(SolutionItems) = preProject
		.github\workflows\continous-integration.yml = .github\workflows\continous-integration.yml
		.github\workflows\publish.yml = .github\workflows\publish.yml
	EndProjectSection
EndProject
Project("{2150E333-8FDC-42A3-9474-1A3956D46DE8}") = "Build", "Build", "{C8376CE8-A71D-43FF-AAD7-5859033258CC}"
	ProjectSection(SolutionItems) = preProject
		continous-integration.ps1 = continous-integration.ps1
		Build\publish.ps1 = Build\publish.ps1
	EndProjectSection
EndProject
Project("{9A19103F-16F7-4668-BE54-9A1E7A4F7556}") = "Elzik.Mecon.Console.Tests.Unit", "tests\Elzik.Mecon.Console.Tests.Unit\Elzik.Mecon.Console.Tests.Unit.csproj", "{E36F539F-0C1B-4DBB-9309-2DF62D9A7E77}"
EndProject
Global
	GlobalSection(SolutionConfigurationPlatforms) = preSolution
		Debug|Any CPU = Debug|Any CPU
		Release|Any CPU = Release|Any CPU
	EndGlobalSection
	GlobalSection(ProjectConfigurationPlatforms) = postSolution
		{72CC5D51-22F7-42EB-B670-A1AED37DF084}.Debug|Any CPU.ActiveCfg = Debug|Any CPU
		{72CC5D51-22F7-42EB-B670-A1AED37DF084}.Debug|Any CPU.Build.0 = Debug|Any CPU
		{72CC5D51-22F7-42EB-B670-A1AED37DF084}.Release|Any CPU.ActiveCfg = Release|Any CPU
		{72CC5D51-22F7-42EB-B670-A1AED37DF084}.Release|Any CPU.Build.0 = Release|Any CPU
		{5B011DB2-9722-42E7-8D3B-9C473B73D1E7}.Debug|Any CPU.ActiveCfg = Debug|Any CPU
		{5B011DB2-9722-42E7-8D3B-9C473B73D1E7}.Debug|Any CPU.Build.0 = Debug|Any CPU
		{5B011DB2-9722-42E7-8D3B-9C473B73D1E7}.Release|Any CPU.ActiveCfg = Release|Any CPU
		{5B011DB2-9722-42E7-8D3B-9C473B73D1E7}.Release|Any CPU.Build.0 = Release|Any CPU
		{61270506-DDA6-45BA-ADAB-4E682723FBB1}.Debug|Any CPU.ActiveCfg = Debug|Any CPU
		{61270506-DDA6-45BA-ADAB-4E682723FBB1}.Debug|Any CPU.Build.0 = Debug|Any CPU
		{61270506-DDA6-45BA-ADAB-4E682723FBB1}.Release|Any CPU.ActiveCfg = Release|Any CPU
		{61270506-DDA6-45BA-ADAB-4E682723FBB1}.Release|Any CPU.Build.0 = Release|Any CPU
		{6D64CDE0-59B0-4C43-A67B-F88606A3189D}.Debug|Any CPU.ActiveCfg = Debug|Any CPU
		{6D64CDE0-59B0-4C43-A67B-F88606A3189D}.Debug|Any CPU.Build.0 = Debug|Any CPU
		{6D64CDE0-59B0-4C43-A67B-F88606A3189D}.Release|Any CPU.ActiveCfg = Release|Any CPU
		{6D64CDE0-59B0-4C43-A67B-F88606A3189D}.Release|Any CPU.Build.0 = Release|Any CPU
		{E36F539F-0C1B-4DBB-9309-2DF62D9A7E77}.Debug|Any CPU.ActiveCfg = Debug|Any CPU
		{E36F539F-0C1B-4DBB-9309-2DF62D9A7E77}.Debug|Any CPU.Build.0 = Debug|Any CPU
		{E36F539F-0C1B-4DBB-9309-2DF62D9A7E77}.Release|Any CPU.ActiveCfg = Release|Any CPU
		{E36F539F-0C1B-4DBB-9309-2DF62D9A7E77}.Release|Any CPU.Build.0 = Release|Any CPU
	EndGlobalSection
	GlobalSection(SolutionProperties) = preSolution
		HideSolutionNode = FALSE
	EndGlobalSection
	GlobalSection(NestedProjects) = preSolution
		{5B011DB2-9722-42E7-8D3B-9C473B73D1E7} = {82104F08-D6CF-4E0A-ADAF-14E51CAAEF84}
		{6D64CDE0-59B0-4C43-A67B-F88606A3189D} = {82104F08-D6CF-4E0A-ADAF-14E51CAAEF84}
		{E36F539F-0C1B-4DBB-9309-2DF62D9A7E77} = {82104F08-D6CF-4E0A-ADAF-14E51CAAEF84}
	EndGlobalSection
	GlobalSection(ExtensibilityGlobals) = postSolution
		SolutionGuid = {0F736F56-ED62-4ACB-84AA-5529D6D1A3F6}
	EndGlobalSection
EndGlobal
